{
  "originHash" : "566e8a8a78ab851ab873a7954fb033b17f009ac11d2929fc9c90b2db4181a3dd",
  "pins" : [
    {
      "identity" : "fluidaudio",
      "kind" : "remoteSourceControl",
      "location" : "https://github.com/FluidInference/FluidAudio.git",
      "state" : {
        "revision" : "21493f8dac5a97e65742e6ff26f42f164c2fda0f"
      }
    }
  ],
  "version" : 3
}
